{
  "name": "quizzmfrb",
  "version": "1.0.0",
  "lockfileVersion": 1,
  "requires": true,
  "dependencies": {
    "font-awesome": {
      "version": "4.7.0",
      "resolved": "https://registry.npmjs.org/font-awesome/-/font-awesome-4.7.0.tgz",
      "integrity": "sha1-j6jPBBGhoxr9B7BtKQK7n8gVoTM="
    },
    "fullpage.js": {
      "version": "3.0.4",
      "resolved": "https://registry.npmjs.org/fullpage.js/-/fullpage.js-3.0.4.tgz",
      "integrity": "sha512-GWpud0Gvr8i4k3QySoajFevO18UBKMJ9znU3o4uaXZkKYqLtS8d1BSQoAARmYwYgBLOw3YrKAG+4LoaIokO1UA=="
    },
    "jssocials": {
      "version": "1.5.0",
      "resolved": "https://registry.npmjs.org/jssocials/-/jssocials-1.5.0.tgz",
      "integrity": "sha1-fe5YfnuYsmxliInaR0g5phkRRMc="
    }
  }
}
